// !$*UTF8*$!
{
	archiveVersion = 1;
	classes = {
	};
	objectVersion = 55;
	objects = {

/* Begin PBXBuildFile section */
		3AA9DB4F2725DC290030BFCB /* AnimalViewController.swift in Sources */ = {isa = PBXBuildFile; fileRef = 3AA9DB4E2725DC290030BFCB /* AnimalViewController.swift */; };
		3AAB46662720586A00BA9111 /* AppDelegate.swift in Sources */ = {isa = PBXBuildFile; fileRef = 3AAB46652720586A00BA9111 /* AppDelegate.swift */; };
		3AAB46682720586A00BA9111 /* SceneDelegate.swift in Sources */ = {isa = PBXBuildFile; fileRef = 3AAB46672720586A00BA9111 /* SceneDelegate.swift */; };
		3AAB466A2720586A00BA9111 /* ViewController.swift in Sources */ = {isa = PBXBuildFile; fileRef = 3AAB46692720586A00BA9111 /* ViewController.swift */; };
		3AAB466F2720586F00BA9111 /* Assets.xcassets in Resources */ = {isa = PBXBuildFile; fileRef = 3AAB466E2720586F00BA9111 /* Assets.xcassets */; };
		3AAB46722720586F00BA9111 /* LaunchScreen.storyboard in Resources */ = {isa = PBXBuildFile; fileRef = 3AAB46702720586F00BA9111 /* LaunchScreen.storyboard */; };
		3AAB468227205C6300BA9111 /* AnimalCell.swift in Sources */ = {isa = PBXBuildFile; fileRef = 3AAB468027205C6300BA9111 /* AnimalCell.swift */; };
		3AAB468327205C6300BA9111 /* AnimalCell.xib in Resources */ = {isa = PBXBuildFile; fileRef = 3AAB468127205C6300BA9111 /* AnimalCell.xib */; };
		3AAB468527205DDF00BA9111 /* AnimalDataModel.swift in Sources */ = {isa = PBXBuildFile; fileRef = 3AAB468427205DDF00BA9111 /* AnimalDataModel.swift */; };
		3AAB468727205E0600BA9111 /* NetworkManager.swift in Sources */ = {isa = PBXBuildFile; fileRef = 3AAB468627205E0600BA9111 /* NetworkManager.swift */; };
/* End PBXBuildFile section */

/* Begin PBXFileReference section */
		3AA9DB4E2725DC290030BFCB /* AnimalViewController.swift */ = {isa = PBXFileReference; lastKnownFileType = sourcecode.swift; path = AnimalViewController.swift; sourceTree = "<group>"; };
		3AAB46622720586A00BA9111 /* JSONImage.app */ = {isa = PBXFileReference; explicitFileType = wrapper.application; includeInIndex = 0; path = JSONImage.app; sourceTree = BUILT_PRODUCTS_DIR; };
		3AAB46652720586A00BA9111 /* AppDelegate.swift */ = {isa = PBXFileReference; lastKnownFileType = sourcecode.swift; path = AppDelegate.swift; sourceTree = "<group>"; };
		3AAB46672720586A00BA9111 /* SceneDelegate.swift */ = {isa = PBXFileReference; lastKnownFileType = sourcecode.swift; path = SceneDelegate.swift; sourceTree = "<group>"; };
		3AAB46692720586A00BA9111 /* ViewController.swift */ = {isa = PBXFileReference; lastKnownFileType = sourcecode.swift; path = ViewController.swift; sourceTree = "<group>"; };
		3AAB466E2720586F00BA9111 /* Assets.xcassets */ = {isa = PBXFileReference; lastKnownFileType = folder.assetcatalog; path = Assets.xcassets; sourceTree = "<group>"; };
		3AAB46712720586F00BA9111 /* Base */ = {isa = PBXFileReference; lastKnownFileType = file.storyboard; name = Base; path = Base.lproj/LaunchScreen.storyboard; sourceTree = "<group>"; };
		3AAB46732720586F00BA9111 /* Info.plist */ = {isa = PBXFileReference; lastKnownFileType = text.plist.xml; path = Info.plist; sourceTree = "<group>"; };
		3AAB468027205C6300BA9111 /* AnimalCell.swift */ = {isa = PBXFileReference; lastKnownFileType = sourcecode.swift; path = AnimalCell.swift; sourceTree = "<group>"; };
		3AAB468127205C6300BA9111 /* AnimalCell.xib */ = {isa = PBXFileReference; lastKnownFileType = file.xib; path = AnimalCell.xib; sourceTree = "<group>"; };
		3AAB468427205DDF00BA9111 /* AnimalDataModel.swift */ = {isa = PBXFileReference; lastKnownFileType = sourcecode.swift; path = AnimalDataModel.swift; sourceTree = "<group>"; };
		3AAB468627205E0600BA9111 /* NetworkManager.swift */ = {isa = PBXFileReference; lastKnownFileType = sourcecode.swift; path = NetworkManager.swift; sourceTree = "<group>"; };
/* End PBXFileReference section */

/* Begin PBXFrameworksBuildPhase section */
		3AAB465F2720586A00BA9111 /* Frameworks */ = {
			isa = PBXFrameworksBuildPhase;
			buildActionMask = 2147483647;
			files = (
			);
			runOnlyForDeploymentPostprocessing = 0;
		};
/* End PBXFrameworksBuildPhase section */

/* Begin PBXGroup section */
		3AAB46592720586A00BA9111 = {
			isa = PBXGroup;
			children = (
				3AAB46642720586A00BA9111 /* JSONImage */,
				3AAB46632720586A00BA9111 /* Products */,
			);
			sourceTree = "<group>";
		};
		3AAB46632720586A00BA9111 /* Products */ = {
			isa = PBXGroup;
			children = (
				3AAB46622720586A00BA9111 /* JSONImage.app */,
			);
			name = Products;
			sourceTree = "<group>";
		};
		3AAB46642720586A00BA9111 /* JSONImage */ = {
			isa = PBXGroup;
			children = (
				3AAB467B27205ABF00BA9111 /* View */,
				3AAB467A27205AAE00BA9111 /* Model */,
				3AAB467927205A9700BA9111 /* Networking */,
				3AAB46652720586A00BA9111 /* AppDelegate.swift */,
				3AAB46672720586A00BA9111 /* SceneDelegate.swift */,
				3AAB466E2720586F00BA9111 /* Assets.xcassets */,
				3AAB46702720586F00BA9111 /* LaunchScreen.storyboard */,
				3AAB46732720586F00BA9111 /* Info.plist */,
			);
			path = JSONImage;
			sourceTree = "<group>";
		};
		3AAB467927205A9700BA9111 /* Networking */ = {
			isa = PBXGroup;
			children = (
				3AAB468627205E0600BA9111 /* NetworkManager.swift */,
			);
			path = Networking;
			sourceTree = "<group>";
		};
		3AAB467A27205AAE00BA9111 /* Model */ = {
			isa = PBXGroup;
			children = (
				3AAB468427205DDF00BA9111 /* AnimalDataModel.swift */,
			);
			path = Model;
			sourceTree = "<group>";
		};
		3AAB467B27205ABF00BA9111 /* View */ = {
			isa = PBXGroup;
			children = (
				3AAB46692720586A00BA9111 /* ViewController.swift */,
				3AA9DB4E2725DC290030BFCB /* AnimalViewController.swift */,
				3AAB468027205C6300BA9111 /* AnimalCell.swift */,
				3AAB468127205C6300BA9111 /* AnimalCell.xib */,
			);
			path = View;
			sourceTree = "<group>";
		};
/* End PBXGroup section */

/* Begin PBXNativeTarget section */
		3AAB46612720586A00BA9111 /* JSONImage */ = {
			isa = PBXNativeTarget;
			buildConfigurationList = 3AAB46762720586F00BA9111 /* Build configuration list for PBXNativeTarget "JSONImage" */;
			buildPhases = (
				3AAB465E2720586A00BA9111 /* Sources */,
				3AAB465F2720586A00BA9111 /* Frameworks */,
				3AAB46602720586A00BA9111 /* Resources */,
			);
			buildRules = (
			);
			dependencies = (
			);
			name = JSONImage;
			productName = JSONImage;
			productReference = 3AAB46622720586A00BA9111 /* JSONImage.app */;
			productType = "com.apple.product-type.application";
		};
/* End PBXNativeTarget section */

/* Begin PBXProject section */
		3AAB465A2720586A00BA9111 /* Project object */ = {
			isa = PBXProject;
			attributes = {
				BuildIndependentTargetsInParallel = 1;
				LastSwiftUpdateCheck = 1300;
				LastUpgradeCheck = 1300;
				TargetAttributes = {
					3AAB46612720586A00BA9111 = {
						CreatedOnToolsVersion = 13.0;
					};
				};
			};
			buildConfigurationList = 3AAB465D2720586A00BA9111 /* Build configuration list for PBXProject "JSONImage" */;
			compatibilityVersion = "Xcode 13.0";
			developmentRegion = en;
			hasScannedForEncodings = 0;
			knownRegions = (
				en,
				Base,
			);
			mainGroup = 3AAB46592720586A00BA9111;
			productRefGroup = 3AAB46632720586A00BA9111 /* Products */;
			projectDirPath = "";
			projectRoot = "";
			targets = (
				3AAB46612720586A00BA9111 /* JSONImage */,
			);
		};
/* End PBXProject section */

/* Begin PBXResourcesBuildPhase section */
		3AAB46602720586A00BA9111 /* Resources */ = {
			isa = PBXResourcesBuildPhase;
			buildActionMask = 2147483647;
			files = (
				3AAB468327205C6300BA9111 /* AnimalCell.xib in Resources */,
				3AAB46722720586F00BA9111 /* LaunchScreen.storyboard in Resources */,
				3AAB466F2720586F00BA9111 /* Assets.xcassets in Resources */,
			);
			runOnlyForDeploymentPostprocessing = 0;
		};
/* End PBXResourcesBuildPhase section */

/* Begin PBXSourcesBuildPhase section */
		3AAB465E2720586A00BA9111 /* Sources */ = {
			isa = PBXSourcesBuildPhase;
			buildActionMask = 2147483647;
			files = (
				3AAB468727205E0600BA9111 /* NetworkManager.swift in Sources */,
				3AA9DB4F2725DC290030BFCB /* AnimalViewController.swift in Sources */,
				3AAB468527205DDF00BA9111 /* AnimalDataModel.swift in Sources */,
				3AAB466A2720586A00BA9111 /* ViewController.swift in Sources */,
				3AAB468227205C6300BA9111 /* AnimalCell.swift in Sources */,
				3AAB46662720586A00BA9111 /* AppDelegate.swift in Sources */,
				3AAB46682720586A00BA9111 /* SceneDelegate.swift in Sources */,
			);
			runOnlyForDeploymentPostprocessing = 0;
		};
/* End PBXSourcesBuildPhase section */

/* Begin PBXVariantGroup section */
		3AAB46702720586F00BA9111 /* LaunchScreen.storyboard */ = {
			isa = PBXVariantGroup;
			children = (
				3AAB46712720586F00BA9111 /* Base */,
			);
			name = LaunchScreen.storyboard;
			sourceTree = "<group>";
		};
/* End PBXVariantGroup section */

/* Begin XCBuildConfiguration section */
		3AAB46742720586F00BA9111 /* Debug */ = {
			isa = XCBuildConfiguration;
			buildSettings = {
				ALWAYS_SEARCH_USER_PATHS = NO;
				CLANG_ANALYZER_NONNULL = YES;
				CLANG_ANALYZER_NUMBER_OBJECT_CONVERSION = YES_AGGRESSIVE;
				CLANG_CXX_LANGUAGE_STANDARD = "gnu++17";
				CLANG_CXX_LIBRARY = "libc++";
				CLANG_ENABLE_MODULES = YES;
				CLANG_ENABLE_OBJC_ARC = YES;
				CLANG_ENABLE_OBJC_WEAK = YES;
				CLANG_WARN_BLOCK_CAPTURE_AUTORELEASING = YES;
				CLANG_WARN_BOOL_CONVERSION = YES;
				CLANG_WARN_COMMA = YES;
				CLANG_WARN_CONSTANT_CONVERSION = YES;
				CLANG_WARN_DEPRECATED_OBJC_IMPLEMENTATIONS = YES;
				CLANG_WARN_DIRECT_OBJC_ISA_USAGE = YES_ERROR;
				CLANG_WARN_DOCUMENTATION_COMMENTS = YES;
				CLANG_WARN_EMPTY_BODY = YES;
				CLANG_WARN_ENUM_CONVERSION = YES;
				CLANG_WARN_INFINITE_RECURSION = YES;
				CLANG_WARN_INT_CONVERSION = YES;
				CLANG_WARN_NON_LITERAL_NULL_CONVERSION = YES;
				CLANG_WARN_OBJC_IMPLICIT_RETAIN_SELF = YES;
				CLANG_WARN_OBJC_LITERAL_CONVERSION = YES;
				CLANG_WARN_OBJC_ROOT_CLASS = YES_ERROR;
				CLANG_WARN_QUOTED_INCLUDE_IN_FRAMEWORK_HEADER = YES;
				CLANG_WARN_RANGE_LOOP_ANALYSIS = YES;
				CLANG_WARN_STRICT_PROTOTYPES = YES;
				CLANG_WARN_SUSPICIOUS_MOVE = YES;
				CLANG_WARN_UNGUARDED_AVAILABILITY = YES_AGGRESSIVE;
				CLANG_WARN_UNREACHABLE_CODE = YES;
				CLANG_WARN__DUPLICATE_METHOD_MATCH = YES;
				COPY_PHASE_STRIP = NO;
				DEBUG_INFORMATION_FORMAT = dwarf;
				ENABLE_STRICT_OBJC_MSGSEND = YES;
				ENABLE_TESTABILITY = YES;
				GCC_C_LANGUAGE_STANDARD = gnu11;
				GCC_DYNAMIC_NO_PIC = NO;
				GCC_NO_COMMON_BLOCKS = YES;
				GCC_OPTIMIZATION_LEVEL = 0;
				GCC_PREPROCESSOR_DEFINITIONS = (
					"DEBUG=1",
					"$(inherited)",
				);
				GCC_WARN_64_TO_32_BIT_CONVERSION = YES;
				GCC_WARN_ABOUT_RETURN_TYPE = YES_ERROR;
				GCC_WARN_UNDECLARED_SELECTOR = YES;
				GCC_WARN_UNINITIALIZED_AUTOS = YES_AGGRESSIVE;
				GCC_WARN_UNUSED_FUNCTION = YES;
				GCC_WARN_UNUSED_VARIABLE = YES;
				IPHONEOS_DEPLOYMENT_TARGET = 15.0;
				MTL_ENABLE_DEBUG_INFO = INCLUDE_SOURCE;
				MTL_FAST_MATH = YES;
				ONLY_ACTIVE_ARCH = YES;
				SDKROOT = iphoneos;
				SWIFT_ACTIVE_COMPILATION_CONDITIONS = DEBUG;
				SWIFT_OPTIMIZATION_LEVEL = "-Onone";
			};
			name = Debug;
		};
		3AAB46752720586F00BA9111 /* Release */ = {
			isa = XCBuildConfiguration;
			buildSettings = {
				ALWAYS_SEARCH_USER_PATHS = NO;
				CLANG_ANALYZER_NONNULL = YES;
				CLANG_ANALYZER_NUMBER_OBJECT_CONVERSION = YES_AGGRESSIVE;
				CLANG_CXX_LANGUAGE_STANDARD = "gnu++17";
				CLANG_CXX_LIBRARY = "libc++";
				CLANG_ENABLE_MODULES = YES;
				CLANG_ENABLE_OBJC_ARC = YES;
				CLANG_ENABLE_OBJC_WEAK = YES;
				CLANG_WARN_BLOCK_CAPTURE_AUTORELEASING = YES;
				CLANG_WARN_BOOL_CONVERSION = YES;
				CLANG_WARN_COMMA = YES;
				CLANG_WARN_CONSTANT_CONVERSION = YES;
				CLANG_WARN_DEPRECATED_OBJC_IMPLEMENTATIONS = YES;
				CLANG_WARN_DIRECT_OBJC_ISA_USAGE = YES_ERROR;
				CLANG_WARN_DOCUMENTATION_COMMENTS = YES;
				CLANG_WARN_EMPTY_BODY = YES;
				CLANG_WARN_ENUM_CONVERSION = YES;
				CLANG_WARN_INFINITE_RECURSION = YES;
				CLANG_WARN_INT_CONVERSION = YES;
				CLANG_WARN_NON_LITERAL_NULL_CONVERSION = YES;
				CLANG_WARN_OBJC_IMPLICIT_RETAIN_SELF = YES;
				CLANG_WARN_OBJC_LITERAL_CONVERSION = YES;
				CLANG_WARN_OBJC_ROOT_CLASS = YES_ERROR;
				CLANG_WARN_QUOTED_INCLUDE_IN_FRAMEWORK_HEADER = YES;
				CLANG_WARN_RANGE_LOOP_ANALYSIS = YES;
				CLANG_WARN_STRICT_PROTOTYPES = YES;
				CLANG_WARN_SUSPICIOUS_MOVE = YES;
				CLANG_WARN_UNGUARDED_AVAILABILITY = YES_AGGRESSIVE;
				CLANG_WARN_UNREACHABLE_CODE = YES;
				CLANG_WARN__DUPLICATE_METHOD_MATCH = YES;
				COPY_PHASE_STRIP = NO;
				DEBUG_INFORMATION_FORMAT = "dwarf-with-dsym";
				ENABLE_NS_ASSERTIONS = NO;
				ENABLE_STRICT_OBJC_MSGSEND = YES;
				GCC_C_LANGUAGE_STANDARD = gnu11;
				GCC_NO_COMMON_BLOCKS = YES;
				GCC_WARN_64_TO_32_BIT_CONVERSION = YES;
				GCC_WARN_ABOUT_RETURN_TYPE = YES_ERROR;
				GCC_WARN_UNDECLARED_SELECTOR = YES;
				GCC_WARN_UNINITIALIZED_AUTOS = YES_AGGRESSIVE;
				GCC_WARN_UNUSED_FUNCTION = YES;
				GCC_WARN_UNUSED_VARIABLE = YES;
				IPHONEOS_DEPLOYMENT_TARGET = 15.0;
				MTL_ENABLE_DEBUG_INFO = NO;
				MTL_FAST_MATH = YES;
				SDKROOT = iphoneos;
				SWIFT_COMPILATION_MODE = wholemodule;
				SWIFT_OPTIMIZATION_LEVEL = "-O";
				VALIDATE_PRODUCT = YES;
			};
			name = Release;
		};
		3AAB46772720586F00BA9111 /* Debug */ = {
			isa = XCBuildConfiguration;
			buildSettings = {
				ASSETCATALOG_COMPILER_APPICON_NAME = AppIcon;
				ASSETCATALOG_COMPILER_GLOBAL_ACCENT_COLOR_NAME = AccentColor;
				CODE_SIGN_STYLE = Automatic;
				CURRENT_PROJECT_VERSION = 1;
				GENERATE_INFOPLIST_FILE = YES;
				INFOPLIST_FILE = JSONImage/Info.plist;
				INFOPLIST_KEY_UIApplicationSupportsIndirectInputEvents = YES;
				INFOPLIST_KEY_UILaunchStoryboardName = LaunchScreen;
				INFOPLIST_KEY_UISupportedInterfaceOrientations_iPad = "UIInterfaceOrientationPortrait UIInterfaceOrientationPortraitUpsideDown UIInterfaceOrientationLandscapeLeft UIInterfaceOrientationLandscapeRight";
				INFOPLIST_KEY_UISupportedInterfaceOrientations_iPhone = "UIInterfaceOrientationPortrait UIInterfaceOrientationLandscapeLeft UIInterfaceOrientationLandscapeRight";
				LD_RUNPATH_SEARCH_PATHS = (
					"$(inherited)",
					"@executable_path/Frameworks",
				);
				MARKETING_VERSION = 1.0;
				PRODUCT_BUNDLE_IDENTIFIER = Mohammed.JSONImage;
				PRODUCT_NAME = "$(TARGET_NAME)";
				SWIFT_EMIT_LOC_STRINGS = YES;
				SWIFT_VERSION = 5.0;
				TARGETED_DEVICE_FAMILY = "1,2";
			};
			name = Debug;
		};
		3AAB46782720586F00BA9111 /* Release */ = {
			isa = XCBuildConfiguration;
			buildSettings = {
				ASSETCATALOG_COMPILER_APPICON_NAME = AppIcon;
				ASSETCATALOG_COMPILER_GLOBAL_ACCENT_COLOR_NAME = AccentColor;
				CODE_SIGN_STYLE = Automatic;
				CURRENT_PROJECT_VERSION = 1;
				GENERATE_INFOPLIST_FILE = YES;
				INFOPLIST_FILE = JSONImage/Info.plist;
				INFOPLIST_KEY_UIApplicationSupportsIndirectInputEvents = YES;
				INFOPLIST_KEY_UILaunchStoryboardName = LaunchScreen;
				INFOPLIST_KEY_UISupportedInterfaceOrientations_iPad = "UIInterfaceOrientationPortrait UIInterfaceOrientationPortraitUpsideDown UIInterfaceOrientationLandscapeLeft UIInterfaceOrientationLandscapeRight";
				INFOPLIST_KEY_UISupportedInterfaceOrientations_iPhone = "UIInterfaceOrientationPortrait UIInterfaceOrientationLandscapeLeft UIInterfaceOrientationLandscapeRight";
				LD_RUNPATH_SEARCH_PATHS = (
					"$(inherited)",
					"@executable_path/Frameworks",
				);
				MARKETING_VERSION = 1.0;
				PRODUCT_BUNDLE_IDENTIFIER = Mohammed.JSONImage;
				PRODUCT_NAME = "$(TARGET_NAME)";
				SWIFT_EMIT_LOC_STRINGS = YES;
				SWIFT_VERSION = 5.0;
				TARGETED_DEVICE_FAMILY = "1,2";
			};
			name = Release;
		};
/* End XCBuildConfiguration section */

/* Begin XCConfigurationList section */
		3AAB465D2720586A00BA9111 /* Build configuration list for PBXProject "JSONImage" */ = {
			isa = XCConfigurationList;
			buildConfigurations = (
				3AAB46742720586F00BA9111 /* Debug */,
				3AAB46752720586F00BA9111 /* Release */,
			);
			defaultConfigurationIsVisible = 0;
			defaultConfigurationName = Release;
		};
		3AAB46762720586F00BA9111 /* Build configuration list for PBXNativeTarget "JSONImage" */ = {
			isa = XCConfigurationList;
			buildConfigurations = (
				3AAB46772720586F00BA9111 /* Debug */,
				3AAB46782720586F00BA9111 /* Release */,
			);
			defaultConfigurationIsVisible = 0;
			defaultConfigurationName = Release;
		};
/* End XCConfigurationList section */
	};
	rootObject = 3AAB465A2720586A00BA9111 /* Project object */;
}
